Microsoft Visual Studio Solution File, Format Version 12.00
# Visual Studio 15
VisualStudioVersion = 15.0.26711.1
MinimumVisualStudioVersion = 15.0.26124.0
Project("{2150E333-8FDC-42A3-9474-1A3956D46DE8}") = "ServiceLayer", "ServiceLayer", "{6A02AE73-DDD4-43F2-8758-F497788B480C}"
EndProject
Project("{9A19103F-16F7-4668-BE54-9A1E7A4F7556}") = "Foo", "ServiceLayer\Foo\Foo.csproj", "{88EF2CD1-D732-434B-967B-1335A8B6FFD6}"
EndProject
Project("{9A19103F-16F7-4668-BE54-9A1E7A4F7556}") = "FooApi", "ServiceLayer\FooApi\FooApi.csproj", "{C83982D9-E00A-4191-8C8C-B0DE1E5BE4F0}"
EndProject
Project("{9A19103F-16F7-4668-BE54-9A1E7A4F7556}") = "FooWorker", "ServiceLayer\FooWorker\FooWorker.csproj", "{BCD44EB1-3B8B-4AC1-9283-CCD771FC9965}"
EndProject
Project("{9A19103F-16F7-4668-BE54-9A1E7A4F7556}") = "FooDomain", "ServiceLayer\FooDomain\FooDomain.csproj", "{C3B7351C-1DA6-4AD0-AA63-6967D1BEB8EC}"
EndProject
Project("{9A19103F-16F7-4668-BE54-9A1E7A4F7556}") = "FooData", "ServiceLayer\FooData\FooData.csproj", "{F97E86CD-8D6C-47CB-ACF4-D264E54343AD}"
EndProject
Project("{9A19103F-16F7-4668-BE54-9A1E7A4F7556}") = "FooServiceTest", "ServiceLayer\FooServiceTest\FooServiceTest.csproj", "{9068FA21-4AFD-4482-B892-4E9CBEEE4337}"
EndProject
Global
	GlobalSection(SolutionConfigurationPlatforms) = preSolution
		Debug|Any CPU = Debug|Any CPU
		Debug|x64 = Debug|x64
		Debug|x86 = Debug|x86
		Release|Any CPU = Release|Any CPU
		Release|x64 = Release|x64
		Release|x86 = Release|x86
	EndGlobalSection
	GlobalSection(ProjectConfigurationPlatforms) = postSolution
		{88EF2CD1-D732-434B-967B-1335A8B6FFD6}.Debug|Any CPU.ActiveCfg = Debug|Any CPU
		{88EF2CD1-D732-434B-967B-1335A8B6FFD6}.Debug|Any CPU.Build.0 = Debug|Any CPU
		{88EF2CD1-D732-434B-967B-1335A8B6FFD6}.Debug|x64.ActiveCfg = Debug|Any CPU
		{88EF2CD1-D732-434B-967B-1335A8B6FFD6}.Debug|x64.Build.0 = Debug|Any CPU
		{88EF2CD1-D732-434B-967B-1335A8B6FFD6}.Debug|x86.ActiveCfg = Debug|Any CPU
		{88EF2CD1-D732-434B-967B-1335A8B6FFD6}.Debug|x86.Build.0 = Debug|Any CPU
		{88EF2CD1-D732-434B-967B-1335A8B6FFD6}.Release|Any CPU.ActiveCfg = Release|Any CPU
		{88EF2CD1-D732-434B-967B-1335A8B6FFD6}.Release|Any CPU.Build.0 = Release|Any CPU
		{88EF2CD1-D732-434B-967B-1335A8B6FFD6}.Release|x64.ActiveCfg = Release|Any CPU
		{88EF2CD1-D732-434B-967B-1335A8B6FFD6}.Release|x64.Build.0 = Release|Any CPU
		{88EF2CD1-D732-434B-967B-1335A8B6FFD6}.Release|x86.ActiveCfg = Release|Any CPU
		{88EF2CD1-D732-434B-967B-1335A8B6FFD6}.Release|x86.Build.0 = Release|Any CPU
		{C83982D9-E00A-4191-8C8C-B0DE1E5BE4F0}.Debug|Any CPU.ActiveCfg = Debug|Any CPU
		{C83982D9-E00A-4191-8C8C-B0DE1E5BE4F0}.Debug|Any CPU.Build.0 = Debug|Any CPU
		{C83982D9-E00A-4191-8C8C-B0DE1E5BE4F0}.Debug|x64.ActiveCfg = Debug|Any CPU
		{C83982D9-E00A-4191-8C8C-B0DE1E5BE4F0}.Debug|x64.Build.0 = Debug|Any CPU
		{C83982D9-E00A-4191-8C8C-B0DE1E5BE4F0}.Debug|x86.ActiveCfg = Debug|Any CPU
		{C83982D9-E00A-4191-8C8C-B0DE1E5BE4F0}.Debug|x86.Build.0 = Debug|Any CPU
		{C83982D9-E00A-4191-8C8C-B0DE1E5BE4F0}.Release|Any CPU.ActiveCfg = Release|Any CPU
		{C83982D9-E00A-4191-8C8C-B0DE1E5BE4F0}.Release|Any CPU.Build.0 = Release|Any CPU
		{C83982D9-E00A-4191-8C8C-B0DE1E5BE4F0}.Release|x64.ActiveCfg = Release|Any CPU
		{C83982D9-E00A-4191-8C8C-B0DE1E5BE4F0}.Release|x64.Build.0 = Release|Any CPU
		{C83982D9-E00A-4191-8C8C-B0DE1E5BE4F0}.Release|x86.ActiveCfg = Release|Any CPU
		{C83982D9-E00A-4191-8C8C-B0DE1E5BE4F0}.Release|x86.Build.0 = Release|Any CPU
		{BCD44EB1-3B8B-4AC1-9283-CCD771FC9965}.Debug|Any CPU.ActiveCfg = Debug|Any CPU
		{BCD44EB1-3B8B-4AC1-9283-CCD771FC9965}.Debug|Any CPU.Build.0 = Debug|Any CPU
		{BCD44EB1-3B8B-4AC1-9283-CCD771FC9965}.Debug|x64.ActiveCfg = Debug|Any CPU
		{BCD44EB1-3B8B-4AC1-9283-CCD771FC9965}.Debug|x64.Build.0 = Debug|Any CPU
		{BCD44EB1-3B8B-4AC1-9283-CCD771FC9965}.Debug|x86.ActiveCfg = Debug|Any CPU
		{BCD44EB1-3B8B-4AC1-9283-CCD771FC9965}.Debug|x86.Build.0 = Debug|Any CPU
		{BCD44EB1-3B8B-4AC1-9283-CCD771FC9965}.Release|Any CPU.ActiveCfg = Release|Any CPU
		{BCD44EB1-3B8B-4AC1-9283-CCD771FC9965}.Release|Any CPU.Build.0 = Release|Any CPU
		{BCD44EB1-3B8B-4AC1-9283-CCD771FC9965}.Release|x64.ActiveCfg = Release|Any CPU
		{BCD44EB1-3B8B-4AC1-9283-CCD771FC9965}.Release|x64.Build.0 = Release|Any CPU
		{BCD44EB1-3B8B-4AC1-9283-CCD771FC9965}.Release|x86.ActiveCfg = Release|Any CPU
		{BCD44EB1-3B8B-4AC1-9283-CCD771FC9965}.Release|x86.Build.0 = Release|Any CPU
		{C3B7351C-1DA6-4AD0-AA63-6967D1BEB8EC}.Debug|Any CPU.ActiveCfg = Debug|Any CPU
		{C3B7351C-1DA6-4AD0-AA63-6967D1BEB8EC}.Debug|Any CPU.Build.0 = Debug|Any CPU
		{C3B7351C-1DA6-4AD0-AA63-6967D1BEB8EC}.Debug|x64.ActiveCfg = Debug|Any CPU
		{C3B7351C-1DA6-4AD0-AA63-6967D1BEB8EC}.Debug|x64.Build.0 = Debug|Any CPU
		{C3B7351C-1DA6-4AD0-AA63-6967D1BEB8EC}.Debug|x86.ActiveCfg = Debug|Any CPU
		{C3B7351C-1DA6-4AD0-AA63-6967D1BEB8EC}.Debug|x86.Build.0 = Debug|Any CPU
		{C3B7351C-1DA6-4AD0-AA63-6967D1BEB8EC}.Release|Any CPU.ActiveCfg = Release|Any CPU
		{C3B7351C-1DA6-4AD0-AA63-6967D1BEB8EC}.Release|Any CPU.Build.0 = Release|Any CPU
		{C3B7351C-1DA6-4AD0-AA63-6967D1BEB8EC}.Release|x64.ActiveCfg = Release|Any CPU
		{C3B7351C-1DA6-4AD0-AA63-6967D1BEB8EC}.Release|x64.Build.0 = Release|Any CPU
		{C3B7351C-1DA6-4AD0-AA63-6967D1BEB8EC}.Release|x86.ActiveCfg = Release|Any CPU
		{C3B7351C-1DA6-4AD0-AA63-6967D1BEB8EC}.Release|x86.Build.0 = Release|Any CPU
		{F97E86CD-8D6C-47CB-ACF4-D264E54343AD}.Debug|Any CPU.ActiveCfg = Debug|Any CPU
		{F97E86CD-8D6C-47CB-ACF4-D264E54343AD}.Debug|Any CPU.Build.0 = Debug|Any CPU
		{F97E86CD-8D6C-47CB-ACF4-D264E54343AD}.Debug|x64.ActiveCfg = Debug|Any CPU
		{F97E86CD-8D6C-47CB-ACF4-D264E54343AD}.Debug|x64.Build.0 = Debug|Any CPU
		{F97E86CD-8D6C-47CB-ACF4-D264E54343AD}.Debug|x86.ActiveCfg = Debug|Any CPU
		{F97E86CD-8D6C-47CB-ACF4-D264E54343AD}.Debug|x86.Build.0 = Debug|Any CPU
		{F97E86CD-8D6C-47CB-ACF4-D264E54343AD}.Release|Any CPU.ActiveCfg = Release|Any CPU
		{F97E86CD-8D6C-47CB-ACF4-D264E54343AD}.Release|Any CPU.Build.0 = Release|Any CPU
		{F97E86CD-8D6C-47CB-ACF4-D264E54343AD}.Release|x64.ActiveCfg = Release|Any CPU
		{F97E86CD-8D6C-47CB-ACF4-D264E54343AD}.Release|x64.Build.0 = Release|Any CPU
		{F97E86CD-8D6C-47CB-ACF4-D264E54343AD}.Release|x86.ActiveCfg = Release|Any CPU
		{F97E86CD-8D6C-47CB-ACF4-D264E54343AD}.Release|x86.Build.0 = Release|Any CPU
		{9068FA21-4AFD-4482-B892-4E9CBEEE4337}.Debug|Any CPU.ActiveCfg = Debug|Any CPU
		{9068FA21-4AFD-4482-B892-4E9CBEEE4337}.Debug|Any CPU.Build.0 = Debug|Any CPU
		{9068FA21-4AFD-4482-B892-4E9CBEEE4337}.Debug|x64.ActiveCfg = Debug|Any CPU
		{9068FA21-4AFD-4482-B892-4E9CBEEE4337}.Debug|x64.Build.0 = Debug|Any CPU
		{9068FA21-4AFD-4482-B892-4E9CBEEE4337}.Debug|x86.ActiveCfg = Debug|Any CPU
		{9068FA21-4AFD-4482-B892-4E9CBEEE4337}.Debug|x86.Build.0 = Debug|Any CPU
		{9068FA21-4AFD-4482-B892-4E9CBEEE4337}.Release|Any CPU.ActiveCfg = Release|Any CPU
		{9068FA21-4AFD-4482-B892-4E9CBEEE4337}.Release|Any CPU.Build.0 = Release|Any CPU
		{9068FA21-4AFD-4482-B892-4E9CBEEE4337}.Release|x64.ActiveCfg = Release|Any CPU
		{9068FA21-4AFD-4482-B892-4E9CBEEE4337}.Release|x64.Build.0 = Release|Any CPU
		{9068FA21-4AFD-4482-B892-4E9CBEEE4337}.Release|x86.ActiveCfg = Release|Any CPU
		{9068FA21-4AFD-4482-B892-4E9CBEEE4337}.Release|x86.Build.0 = Release|Any CPU
	EndGlobalSection
	GlobalSection(SolutionProperties) = preSolution
		HideSolutionNode = FALSE
	EndGlobalSection
	GlobalSection(NestedProjects) = preSolution
		{88EF2CD1-D732-434B-967B-1335A8B6FFD6} = {6A02AE73-DDD4-43F2-8758-F497788B480C}
		{C83982D9-E00A-4191-8C8C-B0DE1E5BE4F0} = {6A02AE73-DDD4-43F2-8758-F497788B480C}
		{BCD44EB1-3B8B-4AC1-9283-CCD771FC9965} = {6A02AE73-DDD4-43F2-8758-F497788B480C}
		{C3B7351C-1DA6-4AD0-AA63-6967D1BEB8EC} = {6A02AE73-DDD4-43F2-8758-F497788B480C}
		{F97E86CD-8D6C-47CB-ACF4-D264E54343AD} = {6A02AE73-DDD4-43F2-8758-F497788B480C}
		{9068FA21-4AFD-4482-B892-4E9CBEEE4337} = {6A02AE73-DDD4-43F2-8758-F497788B480C}
	EndGlobalSection
	GlobalSection(ExtensibilityGlobals) = postSolution
		SolutionGuid = {5DCD1DD3-C55F-4415-99CF-7EAD4C24B09B}
	EndGlobalSection
EndGlobal
