Microsoft Visual Studio Solution File, Format Version 12.00
# Visual Studio 15
VisualStudioVersion = 15.0.26711.1
MinimumVisualStudioVersion = 15.0.26124.0
Project("{2150E333-8FDC-42A3-9474-1A3956D46DE8}") = "ConceirgeCadence", "ConceirgeCadence", "{5BE17B02-A343-4A70-BDC0-8E5B819B72AC}"
EndProject
Project("{9A19103F-16F7-4668-BE54-9A1E7A4F7556}") = "CadencePlaceholderForDemo", "ConceirgeCadence\CadencePlaceholderForDemo\CadencePlaceholderForDemo.csproj", "{8B1DF395-E81D-4A91-8E99-6AEBBF12366C}"
EndProject
Project("{2150E333-8FDC-42A3-9474-1A3956D46DE8}") = "ConceirgeTask", "ConceirgeTask", "{2A104E7E-ECE9-4F48-8647-D3E4C1BF60A1}"
EndProject
Project("{9A19103F-16F7-4668-BE54-9A1E7A4F7556}") = "TaskClient", "ConceirgeTask\TaskClient\TaskClient.csproj", "{00AE3BCA-E292-4352-BE97-AC11ECB52690}"
EndProject
Project("{9A19103F-16F7-4668-BE54-9A1E7A4F7556}") = "TaskApi", "ConceirgeTask\TaskApi\TaskApi.csproj", "{5E59B3A0-C7CB-4A63-A0A1-49C2284CB7E9}"
EndProject
Project("{9A19103F-16F7-4668-BE54-9A1E7A4F7556}") = "TaskWorker", "ConceirgeTask\TaskWorker\TaskWorker.csproj", "{BDA80593-5E8A-490A-B124-E4E8E68495FA}"
EndProject
Project("{9A19103F-16F7-4668-BE54-9A1E7A4F7556}") = "TaskData", "ConceirgeTask\TaskData\TaskData.csproj", "{BA4EAC3C-F7F0-4E84-AC5D-6E8636A45456}"
EndProject
Project("{9A19103F-16F7-4668-BE54-9A1E7A4F7556}") = "TaskDomain", "ConceirgeTask\TaskDomain\TaskDomain.csproj", "{7C5320F8-4F4E-46B2-A7A2-FE225ED6E3FF}"
EndProject
Project("{9A19103F-16F7-4668-BE54-9A1E7A4F7556}") = "TaskModel", "ConceirgeTask\TaskModel\TaskModel.csproj", "{C292BEE6-EA46-4DA6-9659-8BAD761085C0}"
EndProject
Project("{9A19103F-16F7-4668-BE54-9A1E7A4F7556}") = "TaskServiceTest", "ConceirgeTask\TaskServiceTest\TaskServiceTest.csproj", "{CD424603-BE71-4CD1-86DF-B853844AA718}"
EndProject
Project("{9A19103F-16F7-4668-BE54-9A1E7A4F7556}") = "TaskService", "ConceirgeTask\TaskService\TaskService.csproj", "{AADFD4A5-BC64-46B4-9398-7C2358388F5F}"
EndProject
Project("{2150E333-8FDC-42A3-9474-1A3956D46DE8}") = "Conceirge", "Conceirge", "{E215D736-EE02-419B-80FC-DA2877134C07}"
EndProject
Project("{9A19103F-16F7-4668-BE54-9A1E7A4F7556}") = "ConceirgeCommon", "Conceirge\ConceirgeCommon\ConceirgeCommon.csproj", "{68FDA0C4-8D74-4EBC-B9CE-F6EFD7DA814D}"
EndProject
Project("{9A19103F-16F7-4668-BE54-9A1E7A4F7556}") = "TaskEntity", "ConceirgeTask\TaskEntity\TaskEntity.csproj", "{2F590BF9-4977-458C-8533-F653208FF84E}"
EndProject
Project("{9A19103F-16F7-4668-BE54-9A1E7A4F7556}") = "TaskCompositionRoot", "ConceirgeTask\TaskCompositionRoot\TaskCompositionRoot.csproj", "{96793389-CC19-4334-A101-DA589AFE59B8}"
EndProject
Project("{9A19103F-16F7-4668-BE54-9A1E7A4F7556}") = "StructureMap.AutoFactory", "ConceirgeTask\StructureMap.AutoFactory\StructureMap.AutoFactory.csproj", "{5B7BB2A0-30B1-493D-BA39-C0E33ECD6BA3}"
EndProject
Global
	GlobalSection(SolutionConfigurationPlatforms) = preSolution
		Debug|Any CPU = Debug|Any CPU
		Debug|x64 = Debug|x64
		Debug|x86 = Debug|x86
		Release|Any CPU = Release|Any CPU
		Release|x64 = Release|x64
		Release|x86 = Release|x86
	EndGlobalSection
	GlobalSection(ProjectConfigurationPlatforms) = postSolution
		{8B1DF395-E81D-4A91-8E99-6AEBBF12366C}.Debug|Any CPU.ActiveCfg = Debug|Any CPU
		{8B1DF395-E81D-4A91-8E99-6AEBBF12366C}.Debug|Any CPU.Build.0 = Debug|Any CPU
		{8B1DF395-E81D-4A91-8E99-6AEBBF12366C}.Debug|x64.ActiveCfg = Debug|Any CPU
		{8B1DF395-E81D-4A91-8E99-6AEBBF12366C}.Debug|x64.Build.0 = Debug|Any CPU
		{8B1DF395-E81D-4A91-8E99-6AEBBF12366C}.Debug|x86.ActiveCfg = Debug|Any CPU
		{8B1DF395-E81D-4A91-8E99-6AEBBF12366C}.Debug|x86.Build.0 = Debug|Any CPU
		{8B1DF395-E81D-4A91-8E99-6AEBBF12366C}.Release|Any CPU.ActiveCfg = Release|Any CPU
		{8B1DF395-E81D-4A91-8E99-6AEBBF12366C}.Release|Any CPU.Build.0 = Release|Any CPU
		{8B1DF395-E81D-4A91-8E99-6AEBBF12366C}.Release|x64.ActiveCfg = Release|Any CPU
		{8B1DF395-E81D-4A91-8E99-6AEBBF12366C}.Release|x64.Build.0 = Release|Any CPU
		{8B1DF395-E81D-4A91-8E99-6AEBBF12366C}.Release|x86.ActiveCfg = Release|Any CPU
		{8B1DF395-E81D-4A91-8E99-6AEBBF12366C}.Release|x86.Build.0 = Release|Any CPU
		{00AE3BCA-E292-4352-BE97-AC11ECB52690}.Debug|Any CPU.ActiveCfg = Debug|Any CPU
		{00AE3BCA-E292-4352-BE97-AC11ECB52690}.Debug|Any CPU.Build.0 = Debug|Any CPU
		{00AE3BCA-E292-4352-BE97-AC11ECB52690}.Debug|x64.ActiveCfg = Debug|Any CPU
		{00AE3BCA-E292-4352-BE97-AC11ECB52690}.Debug|x64.Build.0 = Debug|Any CPU
		{00AE3BCA-E292-4352-BE97-AC11ECB52690}.Debug|x86.ActiveCfg = Debug|Any CPU
		{00AE3BCA-E292-4352-BE97-AC11ECB52690}.Debug|x86.Build.0 = Debug|Any CPU
		{00AE3BCA-E292-4352-BE97-AC11ECB52690}.Release|Any CPU.ActiveCfg = Release|Any CPU
		{00AE3BCA-E292-4352-BE97-AC11ECB52690}.Release|Any CPU.Build.0 = Release|Any CPU
		{00AE3BCA-E292-4352-BE97-AC11ECB52690}.Release|x64.ActiveCfg = Release|Any CPU
		{00AE3BCA-E292-4352-BE97-AC11ECB52690}.Release|x64.Build.0 = Release|Any CPU
		{00AE3BCA-E292-4352-BE97-AC11ECB52690}.Release|x86.ActiveCfg = Release|Any CPU
		{00AE3BCA-E292-4352-BE97-AC11ECB52690}.Release|x86.Build.0 = Release|Any CPU
		{5E59B3A0-C7CB-4A63-A0A1-49C2284CB7E9}.Debug|Any CPU.ActiveCfg = Debug|Any CPU
		{5E59B3A0-C7CB-4A63-A0A1-49C2284CB7E9}.Debug|Any CPU.Build.0 = Debug|Any CPU
		{5E59B3A0-C7CB-4A63-A0A1-49C2284CB7E9}.Debug|x64.ActiveCfg = Debug|Any CPU
		{5E59B3A0-C7CB-4A63-A0A1-49C2284CB7E9}.Debug|x64.Build.0 = Debug|Any CPU
		{5E59B3A0-C7CB-4A63-A0A1-49C2284CB7E9}.Debug|x86.ActiveCfg = Debug|Any CPU
		{5E59B3A0-C7CB-4A63-A0A1-49C2284CB7E9}.Debug|x86.Build.0 = Debug|Any CPU
		{5E59B3A0-C7CB-4A63-A0A1-49C2284CB7E9}.Release|Any CPU.ActiveCfg = Release|Any CPU
		{5E59B3A0-C7CB-4A63-A0A1-49C2284CB7E9}.Release|Any CPU.Build.0 = Release|Any CPU
		{5E59B3A0-C7CB-4A63-A0A1-49C2284CB7E9}.Release|x64.ActiveCfg = Release|Any CPU
		{5E59B3A0-C7CB-4A63-A0A1-49C2284CB7E9}.Release|x64.Build.0 = Release|Any CPU
		{5E59B3A0-C7CB-4A63-A0A1-49C2284CB7E9}.Release|x86.ActiveCfg = Release|Any CPU
		{5E59B3A0-C7CB-4A63-A0A1-49C2284CB7E9}.Release|x86.Build.0 = Release|Any CPU
		{BDA80593-5E8A-490A-B124-E4E8E68495FA}.Debug|Any CPU.ActiveCfg = Debug|Any CPU
		{BDA80593-5E8A-490A-B124-E4E8E68495FA}.Debug|Any CPU.Build.0 = Debug|Any CPU
		{BDA80593-5E8A-490A-B124-E4E8E68495FA}.Debug|x64.ActiveCfg = Debug|Any CPU
		{BDA80593-5E8A-490A-B124-E4E8E68495FA}.Debug|x64.Build.0 = Debug|Any CPU
		{BDA80593-5E8A-490A-B124-E4E8E68495FA}.Debug|x86.ActiveCfg = Debug|Any CPU
		{BDA80593-5E8A-490A-B124-E4E8E68495FA}.Debug|x86.Build.0 = Debug|Any CPU
		{BDA80593-5E8A-490A-B124-E4E8E68495FA}.Release|Any CPU.ActiveCfg = Release|Any CPU
		{BDA80593-5E8A-490A-B124-E4E8E68495FA}.Release|Any CPU.Build.0 = Release|Any CPU
		{BDA80593-5E8A-490A-B124-E4E8E68495FA}.Release|x64.ActiveCfg = Release|Any CPU
		{BDA80593-5E8A-490A-B124-E4E8E68495FA}.Release|x64.Build.0 = Release|Any CPU
		{BDA80593-5E8A-490A-B124-E4E8E68495FA}.Release|x86.ActiveCfg = Release|Any CPU
		{BDA80593-5E8A-490A-B124-E4E8E68495FA}.Release|x86.Build.0 = Release|Any CPU
		{BA4EAC3C-F7F0-4E84-AC5D-6E8636A45456}.Debug|Any CPU.ActiveCfg = Debug|Any CPU
		{BA4EAC3C-F7F0-4E84-AC5D-6E8636A45456}.Debug|Any CPU.Build.0 = Debug|Any CPU
		{BA4EAC3C-F7F0-4E84-AC5D-6E8636A45456}.Debug|x64.ActiveCfg = Debug|Any CPU
		{BA4EAC3C-F7F0-4E84-AC5D-6E8636A45456}.Debug|x64.Build.0 = Debug|Any CPU
		{BA4EAC3C-F7F0-4E84-AC5D-6E8636A45456}.Debug|x86.ActiveCfg = Debug|Any CPU
		{BA4EAC3C-F7F0-4E84-AC5D-6E8636A45456}.Debug|x86.Build.0 = Debug|Any CPU
		{BA4EAC3C-F7F0-4E84-AC5D-6E8636A45456}.Release|Any CPU.ActiveCfg = Release|Any CPU
		{BA4EAC3C-F7F0-4E84-AC5D-6E8636A45456}.Release|Any CPU.Build.0 = Release|Any CPU
		{BA4EAC3C-F7F0-4E84-AC5D-6E8636A45456}.Release|x64.ActiveCfg = Release|Any CPU
		{BA4EAC3C-F7F0-4E84-AC5D-6E8636A45456}.Release|x64.Build.0 = Release|Any CPU
		{BA4EAC3C-F7F0-4E84-AC5D-6E8636A45456}.Release|x86.ActiveCfg = Release|Any CPU
		{BA4EAC3C-F7F0-4E84-AC5D-6E8636A45456}.Release|x86.Build.0 = Release|Any CPU
		{7C5320F8-4F4E-46B2-A7A2-FE225ED6E3FF}.Debug|Any CPU.ActiveCfg = Debug|Any CPU
		{7C5320F8-4F4E-46B2-A7A2-FE225ED6E3FF}.Debug|Any CPU.Build.0 = Debug|Any CPU
		{7C5320F8-4F4E-46B2-A7A2-FE225ED6E3FF}.Debug|x64.ActiveCfg = Debug|Any CPU
		{7C5320F8-4F4E-46B2-A7A2-FE225ED6E3FF}.Debug|x64.Build.0 = Debug|Any CPU
		{7C5320F8-4F4E-46B2-A7A2-FE225ED6E3FF}.Debug|x86.ActiveCfg = Debug|Any CPU
		{7C5320F8-4F4E-46B2-A7A2-FE225ED6E3FF}.Debug|x86.Build.0 = Debug|Any CPU
		{7C5320F8-4F4E-46B2-A7A2-FE225ED6E3FF}.Release|Any CPU.ActiveCfg = Release|Any CPU
		{7C5320F8-4F4E-46B2-A7A2-FE225ED6E3FF}.Release|Any CPU.Build.0 = Release|Any CPU
		{7C5320F8-4F4E-46B2-A7A2-FE225ED6E3FF}.Release|x64.ActiveCfg = Release|Any CPU
		{7C5320F8-4F4E-46B2-A7A2-FE225ED6E3FF}.Release|x64.Build.0 = Release|Any CPU
		{7C5320F8-4F4E-46B2-A7A2-FE225ED6E3FF}.Release|x86.ActiveCfg = Release|Any CPU
		{7C5320F8-4F4E-46B2-A7A2-FE225ED6E3FF}.Release|x86.Build.0 = Release|Any CPU
		{C292BEE6-EA46-4DA6-9659-8BAD761085C0}.Debug|Any CPU.ActiveCfg = Debug|Any CPU
		{C292BEE6-EA46-4DA6-9659-8BAD761085C0}.Debug|Any CPU.Build.0 = Debug|Any CPU
		{C292BEE6-EA46-4DA6-9659-8BAD761085C0}.Debug|x64.ActiveCfg = Debug|Any CPU
		{C292BEE6-EA46-4DA6-9659-8BAD761085C0}.Debug|x64.Build.0 = Debug|Any CPU
		{C292BEE6-EA46-4DA6-9659-8BAD761085C0}.Debug|x86.ActiveCfg = Debug|Any CPU
		{C292BEE6-EA46-4DA6-9659-8BAD761085C0}.Debug|x86.Build.0 = Debug|Any CPU
		{C292BEE6-EA46-4DA6-9659-8BAD761085C0}.Release|Any CPU.ActiveCfg = Release|Any CPU
		{C292BEE6-EA46-4DA6-9659-8BAD761085C0}.Release|Any CPU.Build.0 = Release|Any CPU
		{C292BEE6-EA46-4DA6-9659-8BAD761085C0}.Release|x64.ActiveCfg = Release|Any CPU
		{C292BEE6-EA46-4DA6-9659-8BAD761085C0}.Release|x64.Build.0 = Release|Any CPU
		{C292BEE6-EA46-4DA6-9659-8BAD761085C0}.Release|x86.ActiveCfg = Release|Any CPU
		{C292BEE6-EA46-4DA6-9659-8BAD761085C0}.Release|x86.Build.0 = Release|Any CPU
		{CD424603-BE71-4CD1-86DF-B853844AA718}.Debug|Any CPU.ActiveCfg = Debug|Any CPU
		{CD424603-BE71-4CD1-86DF-B853844AA718}.Debug|Any CPU.Build.0 = Debug|Any CPU
		{CD424603-BE71-4CD1-86DF-B853844AA718}.Debug|x64.ActiveCfg = Debug|Any CPU
		{CD424603-BE71-4CD1-86DF-B853844AA718}.Debug|x64.Build.0 = Debug|Any CPU
		{CD424603-BE71-4CD1-86DF-B853844AA718}.Debug|x86.ActiveCfg = Debug|Any CPU
		{CD424603-BE71-4CD1-86DF-B853844AA718}.Debug|x86.Build.0 = Debug|Any CPU
		{CD424603-BE71-4CD1-86DF-B853844AA718}.Release|Any CPU.ActiveCfg = Release|Any CPU
		{CD424603-BE71-4CD1-86DF-B853844AA718}.Release|Any CPU.Build.0 = Release|Any CPU
		{CD424603-BE71-4CD1-86DF-B853844AA718}.Release|x64.ActiveCfg = Release|Any CPU
		{CD424603-BE71-4CD1-86DF-B853844AA718}.Release|x64.Build.0 = Release|Any CPU
		{CD424603-BE71-4CD1-86DF-B853844AA718}.Release|x86.ActiveCfg = Release|Any CPU
		{CD424603-BE71-4CD1-86DF-B853844AA718}.Release|x86.Build.0 = Release|Any CPU
		{AADFD4A5-BC64-46B4-9398-7C2358388F5F}.Debug|Any CPU.ActiveCfg = Debug|Any CPU
		{AADFD4A5-BC64-46B4-9398-7C2358388F5F}.Debug|Any CPU.Build.0 = Debug|Any CPU
		{AADFD4A5-BC64-46B4-9398-7C2358388F5F}.Debug|x64.ActiveCfg = Debug|Any CPU
		{AADFD4A5-BC64-46B4-9398-7C2358388F5F}.Debug|x64.Build.0 = Debug|Any CPU
		{AADFD4A5-BC64-46B4-9398-7C2358388F5F}.Debug|x86.ActiveCfg = Debug|Any CPU
		{AADFD4A5-BC64-46B4-9398-7C2358388F5F}.Debug|x86.Build.0 = Debug|Any CPU
		{AADFD4A5-BC64-46B4-9398-7C2358388F5F}.Release|Any CPU.ActiveCfg = Release|Any CPU
		{AADFD4A5-BC64-46B4-9398-7C2358388F5F}.Release|Any CPU.Build.0 = Release|Any CPU
		{AADFD4A5-BC64-46B4-9398-7C2358388F5F}.Release|x64.ActiveCfg = Release|Any CPU
		{AADFD4A5-BC64-46B4-9398-7C2358388F5F}.Release|x64.Build.0 = Release|Any CPU
		{AADFD4A5-BC64-46B4-9398-7C2358388F5F}.Release|x86.ActiveCfg = Release|Any CPU
		{AADFD4A5-BC64-46B4-9398-7C2358388F5F}.Release|x86.Build.0 = Release|Any CPU
		{68FDA0C4-8D74-4EBC-B9CE-F6EFD7DA814D}.Debug|Any CPU.ActiveCfg = Debug|Any CPU
		{68FDA0C4-8D74-4EBC-B9CE-F6EFD7DA814D}.Debug|Any CPU.Build.0 = Debug|Any CPU
		{68FDA0C4-8D74-4EBC-B9CE-F6EFD7DA814D}.Debug|x64.ActiveCfg = Debug|Any CPU
		{68FDA0C4-8D74-4EBC-B9CE-F6EFD7DA814D}.Debug|x64.Build.0 = Debug|Any CPU
		{68FDA0C4-8D74-4EBC-B9CE-F6EFD7DA814D}.Debug|x86.ActiveCfg = Debug|Any CPU
		{68FDA0C4-8D74-4EBC-B9CE-F6EFD7DA814D}.Debug|x86.Build.0 = Debug|Any CPU
		{68FDA0C4-8D74-4EBC-B9CE-F6EFD7DA814D}.Release|Any CPU.ActiveCfg = Release|Any CPU
		{68FDA0C4-8D74-4EBC-B9CE-F6EFD7DA814D}.Release|Any CPU.Build.0 = Release|Any CPU
		{68FDA0C4-8D74-4EBC-B9CE-F6EFD7DA814D}.Release|x64.ActiveCfg = Release|Any CPU
		{68FDA0C4-8D74-4EBC-B9CE-F6EFD7DA814D}.Release|x64.Build.0 = Release|Any CPU
		{68FDA0C4-8D74-4EBC-B9CE-F6EFD7DA814D}.Release|x86.ActiveCfg = Release|Any CPU
		{68FDA0C4-8D74-4EBC-B9CE-F6EFD7DA814D}.Release|x86.Build.0 = Release|Any CPU
		{2F590BF9-4977-458C-8533-F653208FF84E}.Debug|Any CPU.ActiveCfg = Debug|Any CPU
		{2F590BF9-4977-458C-8533-F653208FF84E}.Debug|Any CPU.Build.0 = Debug|Any CPU
		{2F590BF9-4977-458C-8533-F653208FF84E}.Debug|x64.ActiveCfg = Debug|Any CPU
		{2F590BF9-4977-458C-8533-F653208FF84E}.Debug|x64.Build.0 = Debug|Any CPU
		{2F590BF9-4977-458C-8533-F653208FF84E}.Debug|x86.ActiveCfg = Debug|Any CPU
		{2F590BF9-4977-458C-8533-F653208FF84E}.Debug|x86.Build.0 = Debug|Any CPU
		{2F590BF9-4977-458C-8533-F653208FF84E}.Release|Any CPU.ActiveCfg = Release|Any CPU
		{2F590BF9-4977-458C-8533-F653208FF84E}.Release|Any CPU.Build.0 = Release|Any CPU
		{2F590BF9-4977-458C-8533-F653208FF84E}.Release|x64.ActiveCfg = Release|Any CPU
		{2F590BF9-4977-458C-8533-F653208FF84E}.Release|x64.Build.0 = Release|Any CPU
		{2F590BF9-4977-458C-8533-F653208FF84E}.Release|x86.ActiveCfg = Release|Any CPU
		{2F590BF9-4977-458C-8533-F653208FF84E}.Release|x86.Build.0 = Release|Any CPU
		{96793389-CC19-4334-A101-DA589AFE59B8}.Debug|Any CPU.ActiveCfg = Debug|Any CPU
		{96793389-CC19-4334-A101-DA589AFE59B8}.Debug|Any CPU.Build.0 = Debug|Any CPU
		{96793389-CC19-4334-A101-DA589AFE59B8}.Debug|x64.ActiveCfg = Debug|Any CPU
		{96793389-CC19-4334-A101-DA589AFE59B8}.Debug|x64.Build.0 = Debug|Any CPU
		{96793389-CC19-4334-A101-DA589AFE59B8}.Debug|x86.ActiveCfg = Debug|Any CPU
		{96793389-CC19-4334-A101-DA589AFE59B8}.Debug|x86.Build.0 = Debug|Any CPU
		{96793389-CC19-4334-A101-DA589AFE59B8}.Release|Any CPU.ActiveCfg = Release|Any CPU
		{96793389-CC19-4334-A101-DA589AFE59B8}.Release|Any CPU.Build.0 = Release|Any CPU
		{96793389-CC19-4334-A101-DA589AFE59B8}.Release|x64.ActiveCfg = Release|Any CPU
		{96793389-CC19-4334-A101-DA589AFE59B8}.Release|x64.Build.0 = Release|Any CPU
		{96793389-CC19-4334-A101-DA589AFE59B8}.Release|x86.ActiveCfg = Release|Any CPU
		{96793389-CC19-4334-A101-DA589AFE59B8}.Release|x86.Build.0 = Release|Any CPU
		{5B7BB2A0-30B1-493D-BA39-C0E33ECD6BA3}.Debug|Any CPU.ActiveCfg = Debug|Any CPU
		{5B7BB2A0-30B1-493D-BA39-C0E33ECD6BA3}.Debug|Any CPU.Build.0 = Debug|Any CPU
		{5B7BB2A0-30B1-493D-BA39-C0E33ECD6BA3}.Debug|x64.ActiveCfg = Debug|Any CPU
		{5B7BB2A0-30B1-493D-BA39-C0E33ECD6BA3}.Debug|x64.Build.0 = Debug|Any CPU
		{5B7BB2A0-30B1-493D-BA39-C0E33ECD6BA3}.Debug|x86.ActiveCfg = Debug|Any CPU
		{5B7BB2A0-30B1-493D-BA39-C0E33ECD6BA3}.Debug|x86.Build.0 = Debug|Any CPU
		{5B7BB2A0-30B1-493D-BA39-C0E33ECD6BA3}.Release|Any CPU.ActiveCfg = Release|Any CPU
		{5B7BB2A0-30B1-493D-BA39-C0E33ECD6BA3}.Release|Any CPU.Build.0 = Release|Any CPU
		{5B7BB2A0-30B1-493D-BA39-C0E33ECD6BA3}.Release|x64.ActiveCfg = Release|Any CPU
		{5B7BB2A0-30B1-493D-BA39-C0E33ECD6BA3}.Release|x64.Build.0 = Release|Any CPU
		{5B7BB2A0-30B1-493D-BA39-C0E33ECD6BA3}.Release|x86.ActiveCfg = Release|Any CPU
		{5B7BB2A0-30B1-493D-BA39-C0E33ECD6BA3}.Release|x86.Build.0 = Release|Any CPU
	EndGlobalSection
	GlobalSection(SolutionProperties) = preSolution
		HideSolutionNode = FALSE
	EndGlobalSection
	GlobalSection(NestedProjects) = preSolution
		{8B1DF395-E81D-4A91-8E99-6AEBBF12366C} = {5BE17B02-A343-4A70-BDC0-8E5B819B72AC}
		{00AE3BCA-E292-4352-BE97-AC11ECB52690} = {2A104E7E-ECE9-4F48-8647-D3E4C1BF60A1}
		{5E59B3A0-C7CB-4A63-A0A1-49C2284CB7E9} = {2A104E7E-ECE9-4F48-8647-D3E4C1BF60A1}
		{BDA80593-5E8A-490A-B124-E4E8E68495FA} = {2A104E7E-ECE9-4F48-8647-D3E4C1BF60A1}
		{BA4EAC3C-F7F0-4E84-AC5D-6E8636A45456} = {2A104E7E-ECE9-4F48-8647-D3E4C1BF60A1}
		{7C5320F8-4F4E-46B2-A7A2-FE225ED6E3FF} = {2A104E7E-ECE9-4F48-8647-D3E4C1BF60A1}
		{C292BEE6-EA46-4DA6-9659-8BAD761085C0} = {2A104E7E-ECE9-4F48-8647-D3E4C1BF60A1}
		{CD424603-BE71-4CD1-86DF-B853844AA718} = {2A104E7E-ECE9-4F48-8647-D3E4C1BF60A1}
		{AADFD4A5-BC64-46B4-9398-7C2358388F5F} = {2A104E7E-ECE9-4F48-8647-D3E4C1BF60A1}
		{68FDA0C4-8D74-4EBC-B9CE-F6EFD7DA814D} = {E215D736-EE02-419B-80FC-DA2877134C07}
		{2F590BF9-4977-458C-8533-F653208FF84E} = {2A104E7E-ECE9-4F48-8647-D3E4C1BF60A1}
		{96793389-CC19-4334-A101-DA589AFE59B8} = {2A104E7E-ECE9-4F48-8647-D3E4C1BF60A1}
	EndGlobalSection
	GlobalSection(ExtensibilityGlobals) = postSolution
		SolutionGuid = {5DCD1DD3-C55F-4415-99CF-7EAD4C24B09B}
	EndGlobalSection
EndGlobal
